
Microsoft Visual Studio Solution File, Format Version 12.00
# Visual Studio Version 17
VisualStudioVersion = 17.1.32319.34
MinimumVisualStudioVersion = 10.0.40219.1
Project("{FAE04EC0-301F-11D3-BF4B-00C04F79EFBC}") = "BlobStorage.Api", "BlobStorage.Api\BlobStorage.Api.csproj", "{66B123F0-05D7-4B93-B06F-E0766396782E}"
EndProject
Global
	GlobalSection(SolutionConfigurationPlatforms) = preSolution
		Debug|Any CPU = Debug|Any CPU
		Release|Any CPU = Release|Any CPU
	EndGlobalSection
	GlobalSection(ProjectConfigurationPlatforms) = postSolution
		{66B123F0-05D7-4B93-B06F-E0766396782E}.Debug|Any CPU.ActiveCfg = Debug|Any CPU
		{66B123F0-05D7-4B93-B06F-E0766396782E}.Debug|Any CPU.Build.0 = Debug|Any CPU
		{66B123F0-05D7-4B93-B06F-E0766396782E}.Release|Any CPU.ActiveCfg = Release|Any CPU
		{66B123F0-05D7-4B93-B06F-E0766396782E}.Release|Any CPU.Build.0 = Release|Any CPU
	EndGlobalSection
	GlobalSection(SolutionProperties) = preSolution
		HideSolutionNode = FALSE
	EndGlobalSection
	GlobalSection(ExtensibilityGlobals) = postSolution
		SolutionGuid = {F52598D9-A358-4E4D-AD08-E34B54012BAF}
	EndGlobalSection
EndGlobal
